
Microsoft Visual Studio Solution File, Format Version 12.00
# Visual Studio Version 17
VisualStudioVersion = 17.3.32901.215
MinimumVisualStudioVersion = 10.0.40219.1
Project("{FAE04EC0-301F-11D3-BF4B-00C04F79EFBC}") = "ConsoleApp2", "ConsoleApp2\ConsoleApp2.csproj", "{0B2AE51F-C669-4463-B05F-8D0C4560C13B}"
EndProject
Global
	GlobalSection(SolutionConfigurationPlatforms) = preSolution
		Debug|Any CPU = Debug|Any CPU
		Release|Any CPU = Release|Any CPU
	EndGlobalSection
	GlobalSection(ProjectConfigurationPlatforms) = postSolution
		{0B2AE51F-C669-4463-B05F-8D0C4560C13B}.Debug|Any CPU.ActiveCfg = Debug|Any CPU
		{0B2AE51F-C669-4463-B05F-8D0C4560C13B}.Debug|Any CPU.Build.0 = Debug|Any CPU
		{0B2AE51F-C669-4463-B05F-8D0C4560C13B}.Release|Any CPU.ActiveCfg = Release|Any CPU
		{0B2AE51F-C669-4463-B05F-8D0C4560C13B}.Release|Any CPU.Build.0 = Release|Any CPU
	EndGlobalSection
	GlobalSection(SolutionProperties) = preSolution
		HideSolutionNode = FALSE
	EndGlobalSection
	GlobalSection(ExtensibilityGlobals) = postSolution
		SolutionGuid = {1E221465-14E8-4CD8-AA89-354353182D86}
	EndGlobalSection
EndGlobal
